// !$*UTF8*$!
{
	archiveVersion = 1;
	classes = {
	};
	objectVersion = 56;
	objects = {

/* Begin PBXBuildFile section */
		8A453968299CCE94001E57E8 /* PostFeedListView.swift in Sources */ = {isa = PBXBuildFile; fileRef = 8A453967299CCE94001E57E8 /* PostFeedListView.swift */; };
		8A45396B299CD567001E57E8 /* PostModel.swift in Sources */ = {isa = PBXBuildFile; fileRef = 8A45396A299CD567001E57E8 /* PostModel.swift */; };
		8A45396E299CD5C7001E57E8 /* PostFeedView.swift in Sources */ = {isa = PBXBuildFile; fileRef = 8A45396D299CD5C7001E57E8 /* PostFeedView.swift */; };
		8A453972299CEF3A001E57E8 /* PostFeedService.swift in Sources */ = {isa = PBXBuildFile; fileRef = 8A453971299CEF3A001E57E8 /* PostFeedService.swift */; };
		8A453974299CF181001E57E8 /* PostFeedResponse.swift in Sources */ = {isa = PBXBuildFile; fileRef = 8A453973299CF181001E57E8 /* PostFeedResponse.swift */; };
		8A453977299CF649001E57E8 /* PostFeedStore.swift in Sources */ = {isa = PBXBuildFile; fileRef = 8A453976299CF649001E57E8 /* PostFeedStore.swift */; };
		8AABE061299B8BEA00BBE206 /* PostFeedApp.swift in Sources */ = {isa = PBXBuildFile; fileRef = 8AABE060299B8BEA00BBE206 /* PostFeedApp.swift */; };
		8AABE065299B8BEB00BBE206 /* Assets.xcassets in Resources */ = {isa = PBXBuildFile; fileRef = 8AABE064299B8BEB00BBE206 /* Assets.xcassets */; };
		8AABE068299B8BEB00BBE206 /* Preview Assets.xcassets in Resources */ = {isa = PBXBuildFile; fileRef = 8AABE067299B8BEB00BBE206 /* Preview Assets.xcassets */; };
/* End PBXBuildFile section */

/* Begin PBXFileReference section */
		8A453967299CCE94001E57E8 /* PostFeedListView.swift */ = {isa = PBXFileReference; lastKnownFileType = sourcecode.swift; path = PostFeedListView.swift; sourceTree = "<group>"; };
		8A45396A299CD567001E57E8 /* PostModel.swift */ = {isa = PBXFileReference; lastKnownFileType = sourcecode.swift; path = PostModel.swift; sourceTree = "<group>"; };
		8A45396D299CD5C7001E57E8 /* PostFeedView.swift */ = {isa = PBXFileReference; lastKnownFileType = sourcecode.swift; path = PostFeedView.swift; sourceTree = "<group>"; };
		8A453971299CEF3A001E57E8 /* PostFeedService.swift */ = {isa = PBXFileReference; lastKnownFileType = sourcecode.swift; path = PostFeedService.swift; sourceTree = "<group>"; };
		8A453973299CF181001E57E8 /* PostFeedResponse.swift */ = {isa = PBXFileReference; lastKnownFileType = sourcecode.swift; path = PostFeedResponse.swift; sourceTree = "<group>"; };
		8A453976299CF649001E57E8 /* PostFeedStore.swift */ = {isa = PBXFileReference; lastKnownFileType = sourcecode.swift; path = PostFeedStore.swift; sourceTree = "<group>"; };
		8AABE05D299B8BEA00BBE206 /* PostFeed.app */ = {isa = PBXFileReference; explicitFileType = wrapper.application; includeInIndex = 0; path = PostFeed.app; sourceTree = BUILT_PRODUCTS_DIR; };
		8AABE060299B8BEA00BBE206 /* PostFeedApp.swift */ = {isa = PBXFileReference; lastKnownFileType = sourcecode.swift; path = PostFeedApp.swift; sourceTree = "<group>"; };
		8AABE064299B8BEB00BBE206 /* Assets.xcassets */ = {isa = PBXFileReference; lastKnownFileType = folder.assetcatalog; path = Assets.xcassets; sourceTree = "<group>"; };
		8AABE067299B8BEB00BBE206 /* Preview Assets.xcassets */ = {isa = PBXFileReference; lastKnownFileType = folder.assetcatalog; path = "Preview Assets.xcassets"; sourceTree = "<group>"; };
/* End PBXFileReference section */

/* Begin PBXFrameworksBuildPhase section */
		8AABE05A299B8BEA00BBE206 /* Frameworks */ = {
			isa = PBXFrameworksBuildPhase;
			buildActionMask = 2147483647;
			files = (
			);
			runOnlyForDeploymentPostprocessing = 0;
		};
/* End PBXFrameworksBuildPhase section */

/* Begin PBXGroup section */
		8A453966299CCE7B001E57E8 /* PostFeedList */ = {
			isa = PBXGroup;
			children = (
				8A453967299CCE94001E57E8 /* PostFeedListView.swift */,
			);
			path = PostFeedList;
			sourceTree = "<group>";
		};
		8A453969299CD559001E57E8 /* Models */ = {
			isa = PBXGroup;
			children = (
				8A45396A299CD567001E57E8 /* PostModel.swift */,
				8A453973299CF181001E57E8 /* PostFeedResponse.swift */,
			);
			path = Models;
			sourceTree = "<group>";
		};
		8A45396C299CD5AD001E57E8 /* Post */ = {
			isa = PBXGroup;
			children = (
				8A45396D299CD5C7001E57E8 /* PostFeedView.swift */,
			);
			path = Post;
			sourceTree = "<group>";
		};
		8A45396F299CEF03001E57E8 /* Scenes */ = {
			isa = PBXGroup;
			children = (
				8A45396C299CD5AD001E57E8 /* Post */,
				8A453966299CCE7B001E57E8 /* PostFeedList */,
			);
			path = Scenes;
			sourceTree = "<group>";
		};
		8A453970299CEF14001E57E8 /* Services */ = {
			isa = PBXGroup;
			children = (
				8A453971299CEF3A001E57E8 /* PostFeedService.swift */,
			);
			path = Services;
			sourceTree = "<group>";
		};
		8A453975299CF63C001E57E8 /* Stores */ = {
			isa = PBXGroup;
			children = (
				8A453976299CF649001E57E8 /* PostFeedStore.swift */,
			);
			path = Stores;
			sourceTree = "<group>";
		};
		8AABE054299B8BEA00BBE206 = {
			isa = PBXGroup;
			children = (
				8AABE05F299B8BEA00BBE206 /* PostFeed */,
				8AABE05E299B8BEA00BBE206 /* Products */,
			);
			sourceTree = "<group>";
		};
		8AABE05E299B8BEA00BBE206 /* Products */ = {
			isa = PBXGroup;
			children = (
				8AABE05D299B8BEA00BBE206 /* PostFeed.app */,
			);
			name = Products;
			sourceTree = "<group>";
		};
		8AABE05F299B8BEA00BBE206 /* PostFeed */ = {
			isa = PBXGroup;
			children = (
				8A453975299CF63C001E57E8 /* Stores */,
				8A453970299CEF14001E57E8 /* Services */,
				8A45396F299CEF03001E57E8 /* Scenes */,
				8A453969299CD559001E57E8 /* Models */,
				8AABE060299B8BEA00BBE206 /* PostFeedApp.swift */,
				8AABE064299B8BEB00BBE206 /* Assets.xcassets */,
				8AABE066299B8BEB00BBE206 /* Preview Content */,
			);
			path = PostFeed;
			sourceTree = "<group>";
		};
		8AABE066299B8BEB00BBE206 /* Preview Content */ = {
			isa = PBXGroup;
			children = (
				8AABE067299B8BEB00BBE206 /* Preview Assets.xcassets */,
			);
			path = "Preview Content";
			sourceTree = "<group>";
		};
/* End PBXGroup section */

/* Begin PBXNativeTarget section */
		8AABE05C299B8BEA00BBE206 /* PostFeed */ = {
			isa = PBXNativeTarget;
			buildConfigurationList = 8AABE06B299B8BEB00BBE206 /* Build configuration list for PBXNativeTarget "PostFeed" */;
			buildPhases = (
				8AABE059299B8BEA00BBE206 /* Sources */,
				8AABE05A299B8BEA00BBE206 /* Frameworks */,
				8AABE05B299B8BEA00BBE206 /* Resources */,
			);
			buildRules = (
			);
			dependencies = (
			);
			name = PostFeed;
			productName = PostFeed;
			productReference = 8AABE05D299B8BEA00BBE206 /* PostFeed.app */;
			productType = "com.apple.product-type.application";
		};
/* End PBXNativeTarget section */

/* Begin PBXProject section */
		8AABE055299B8BEA00BBE206 /* Project object */ = {
			isa = PBXProject;
			attributes = {
				BuildIndependentTargetsInParallel = 1;
				LastSwiftUpdateCheck = 1400;
				LastUpgradeCheck = 1400;
				TargetAttributes = {
					8AABE05C299B8BEA00BBE206 = {
						CreatedOnToolsVersion = 14.0;
					};
				};
			};
			buildConfigurationList = 8AABE058299B8BEA00BBE206 /* Build configuration list for PBXProject "PostFeed" */;
			compatibilityVersion = "Xcode 14.0";
			developmentRegion = en;
			hasScannedForEncodings = 0;
			knownRegions = (
				en,
				Base,
			);
			mainGroup = 8AABE054299B8BEA00BBE206;
			productRefGroup = 8AABE05E299B8BEA00BBE206 /* Products */;
			projectDirPath = "";
			projectRoot = "";
			targets = (
				8AABE05C299B8BEA00BBE206 /* PostFeed */,
			);
		};
/* End PBXProject section */

/* Begin PBXResourcesBuildPhase section */
		8AABE05B299B8BEA00BBE206 /* Resources */ = {
			isa = PBXResourcesBuildPhase;
			buildActionMask = 2147483647;
			files = (
				8AABE068299B8BEB00BBE206 /* Preview Assets.xcassets in Resources */,
				8AABE065299B8BEB00BBE206 /* Assets.xcassets in Resources */,
			);
			runOnlyForDeploymentPostprocessing = 0;
		};
/* End PBXResourcesBuildPhase section */

/* Begin PBXSourcesBuildPhase section */
		8AABE059299B8BEA00BBE206 /* Sources */ = {
			isa = PBXSourcesBuildPhase;
			buildActionMask = 2147483647;
			files = (
				8A45396B299CD567001E57E8 /* PostModel.swift in Sources */,
				8A453974299CF181001E57E8 /* PostFeedResponse.swift in Sources */,
				8A45396E299CD5C7001E57E8 /* PostFeedView.swift in Sources */,
				8A453977299CF649001E57E8 /* PostFeedStore.swift in Sources */,
				8A453972299CEF3A001E57E8 /* PostFeedService.swift in Sources */,
				8A453968299CCE94001E57E8 /* PostFeedListView.swift in Sources */,
				8AABE061299B8BEA00BBE206 /* PostFeedApp.swift in Sources */,
			);
			runOnlyForDeploymentPostprocessing = 0;
		};
/* End PBXSourcesBuildPhase section */

/* Begin XCBuildConfiguration section */
		8AABE069299B8BEB00BBE206 /* Debug */ = {
			isa = XCBuildConfiguration;
			buildSettings = {
				ALWAYS_SEARCH_USER_PATHS = NO;
				CLANG_ANALYZER_NONNULL = YES;
				CLANG_ANALYZER_NUMBER_OBJECT_CONVERSION = YES_AGGRESSIVE;
				CLANG_CXX_LANGUAGE_STANDARD = "gnu++20";
				CLANG_ENABLE_MODULES = YES;
				CLANG_ENABLE_OBJC_ARC = YES;
				CLANG_ENABLE_OBJC_WEAK = YES;
				CLANG_WARN_BLOCK_CAPTURE_AUTORELEASING = YES;
				CLANG_WARN_BOOL_CONVERSION = YES;
				CLANG_WARN_COMMA = YES;
				CLANG_WARN_CONSTANT_CONVERSION = YES;
				CLANG_WARN_DEPRECATED_OBJC_IMPLEMENTATIONS = YES;
				CLANG_WARN_DIRECT_OBJC_ISA_USAGE = YES_ERROR;
				CLANG_WARN_DOCUMENTATION_COMMENTS = YES;
				CLANG_WARN_EMPTY_BODY = YES;
				CLANG_WARN_ENUM_CONVERSION = YES;
				CLANG_WARN_INFINITE_RECURSION = YES;
				CLANG_WARN_INT_CONVERSION = YES;
				CLANG_WARN_NON_LITERAL_NULL_CONVERSION = YES;
				CLANG_WARN_OBJC_IMPLICIT_RETAIN_SELF = YES;
				CLANG_WARN_OBJC_LITERAL_CONVERSION = YES;
				CLANG_WARN_OBJC_ROOT_CLASS = YES_ERROR;
				CLANG_WARN_QUOTED_INCLUDE_IN_FRAMEWORK_HEADER = YES;
				CLANG_WARN_RANGE_LOOP_ANALYSIS = YES;
				CLANG_WARN_STRICT_PROTOTYPES = YES;
				CLANG_WARN_SUSPICIOUS_MOVE = YES;
				CLANG_WARN_UNGUARDED_AVAILABILITY = YES_AGGRESSIVE;
				CLANG_WARN_UNREACHABLE_CODE = YES;
				CLANG_WARN__DUPLICATE_METHOD_MATCH = YES;
				COPY_PHASE_STRIP = NO;
				DEBUG_INFORMATION_FORMAT = dwarf;
				ENABLE_STRICT_OBJC_MSGSEND = YES;
				ENABLE_TESTABILITY = YES;
				GCC_C_LANGUAGE_STANDARD = gnu11;
				GCC_DYNAMIC_NO_PIC = NO;
				GCC_NO_COMMON_BLOCKS = YES;
				GCC_OPTIMIZATION_LEVEL = 0;
				GCC_PREPROCESSOR_DEFINITIONS = (
					"DEBUG=1",
					"$(inherited)",
				);
				GCC_WARN_64_TO_32_BIT_CONVERSION = YES;
				GCC_WARN_ABOUT_RETURN_TYPE = YES_ERROR;
				GCC_WARN_UNDECLARED_SELECTOR = YES;
				GCC_WARN_UNINITIALIZED_AUTOS = YES_AGGRESSIVE;
				GCC_WARN_UNUSED_FUNCTION = YES;
				GCC_WARN_UNUSED_VARIABLE = YES;
				IPHONEOS_DEPLOYMENT_TARGET = 16.0;
				MTL_ENABLE_DEBUG_INFO = INCLUDE_SOURCE;
				MTL_FAST_MATH = YES;
				ONLY_ACTIVE_ARCH = YES;
				SDKROOT = iphoneos;
				SWIFT_ACTIVE_COMPILATION_CONDITIONS = DEBUG;
				SWIFT_OPTIMIZATION_LEVEL = "-Onone";
			};
			name = Debug;
		};
		8AABE06A299B8BEB00BBE206 /* Release */ = {
			isa = XCBuildConfiguration;
			buildSettings = {
				ALWAYS_SEARCH_USER_PATHS = NO;
				CLANG_ANALYZER_NONNULL = YES;
				CLANG_ANALYZER_NUMBER_OBJECT_CONVERSION = YES_AGGRESSIVE;
				CLANG_CXX_LANGUAGE_STANDARD = "gnu++20";
				CLANG_ENABLE_MODULES = YES;
				CLANG_ENABLE_OBJC_ARC = YES;
				CLANG_ENABLE_OBJC_WEAK = YES;
				CLANG_WARN_BLOCK_CAPTURE_AUTORELEASING = YES;
				CLANG_WARN_BOOL_CONVERSION = YES;
				CLANG_WARN_COMMA = YES;
				CLANG_WARN_CONSTANT_CONVERSION = YES;
				CLANG_WARN_DEPRECATED_OBJC_IMPLEMENTATIONS = YES;
				CLANG_WARN_DIRECT_OBJC_ISA_USAGE = YES_ERROR;
				CLANG_WARN_DOCUMENTATION_COMMENTS = YES;
				CLANG_WARN_EMPTY_BODY = YES;
				CLANG_WARN_ENUM_CONVERSION = YES;
				CLANG_WARN_INFINITE_RECURSION = YES;
				CLANG_WARN_INT_CONVERSION = YES;
				CLANG_WARN_NON_LITERAL_NULL_CONVERSION = YES;
				CLANG_WARN_OBJC_IMPLICIT_RETAIN_SELF = YES;
				CLANG_WARN_OBJC_LITERAL_CONVERSION = YES;
				CLANG_WARN_OBJC_ROOT_CLASS = YES_ERROR;
				CLANG_WARN_QUOTED_INCLUDE_IN_FRAMEWORK_HEADER = YES;
				CLANG_WARN_RANGE_LOOP_ANALYSIS = YES;
				CLANG_WARN_STRICT_PROTOTYPES = YES;
				CLANG_WARN_SUSPICIOUS_MOVE = YES;
				CLANG_WARN_UNGUARDED_AVAILABILITY = YES_AGGRESSIVE;
				CLANG_WARN_UNREACHABLE_CODE = YES;
				CLANG_WARN__DUPLICATE_METHOD_MATCH = YES;
				COPY_PHASE_STRIP = NO;
				DEBUG_INFORMATION_FORMAT = "dwarf-with-dsym";
				ENABLE_NS_ASSERTIONS = NO;
				ENABLE_STRICT_OBJC_MSGSEND = YES;
				GCC_C_LANGUAGE_STANDARD = gnu11;
				GCC_NO_COMMON_BLOCKS = YES;
				GCC_WARN_64_TO_32_BIT_CONVERSION = YES;
				GCC_WARN_ABOUT_RETURN_TYPE = YES_ERROR;
				GCC_WARN_UNDECLARED_SELECTOR = YES;
				GCC_WARN_UNINITIALIZED_AUTOS = YES_AGGRESSIVE;
				GCC_WARN_UNUSED_FUNCTION = YES;
				GCC_WARN_UNUSED_VARIABLE = YES;
				IPHONEOS_DEPLOYMENT_TARGET = 16.0;
				MTL_ENABLE_DEBUG_INFO = NO;
				MTL_FAST_MATH = YES;
				SDKROOT = iphoneos;
				SWIFT_COMPILATION_MODE = wholemodule;
				SWIFT_OPTIMIZATION_LEVEL = "-O";
				VALIDATE_PRODUCT = YES;
			};
			name = Release;
		};
		8AABE06C299B8BEB00BBE206 /* Debug */ = {
			isa = XCBuildConfiguration;
			buildSettings = {
				ASSETCATALOG_COMPILER_APPICON_NAME = AppIcon;
				ASSETCATALOG_COMPILER_GLOBAL_ACCENT_COLOR_NAME = AccentColor;
				CODE_SIGN_STYLE = Automatic;
				CURRENT_PROJECT_VERSION = 1;
				DEVELOPMENT_ASSET_PATHS = "\"PostFeed/Preview Content\"";
				ENABLE_PREVIEWS = YES;
				GENERATE_INFOPLIST_FILE = YES;
				INFOPLIST_KEY_UIApplicationSceneManifest_Generation = YES;
				INFOPLIST_KEY_UIApplicationSupportsIndirectInputEvents = YES;
				INFOPLIST_KEY_UILaunchScreen_Generation = YES;
				INFOPLIST_KEY_UISupportedInterfaceOrientations_iPad = "UIInterfaceOrientationPortrait UIInterfaceOrientationPortraitUpsideDown UIInterfaceOrientationLandscapeLeft UIInterfaceOrientationLandscapeRight";
				INFOPLIST_KEY_UISupportedInterfaceOrientations_iPhone = "UIInterfaceOrientationPortrait UIInterfaceOrientationLandscapeLeft UIInterfaceOrientationLandscapeRight";
				LD_RUNPATH_SEARCH_PATHS = (
					"$(inherited)",
					"@executable_path/Frameworks",
				);
				MARKETING_VERSION = 1.0;
				PRODUCT_BUNDLE_IDENTIFIER = com.fabioristo.PostFeed;
				PRODUCT_NAME = "$(TARGET_NAME)";
				SWIFT_EMIT_LOC_STRINGS = YES;
				SWIFT_VERSION = 5.0;
				TARGETED_DEVICE_FAMILY = "1,2";
			};
			name = Debug;
		};
		8AABE06D299B8BEB00BBE206 /* Release */ = {
			isa = XCBuildConfiguration;
			buildSettings = {
				ASSETCATALOG_COMPILER_APPICON_NAME = AppIcon;
				ASSETCATALOG_COMPILER_GLOBAL_ACCENT_COLOR_NAME = AccentColor;
				CODE_SIGN_STYLE = Automatic;
				CURRENT_PROJECT_VERSION = 1;
				DEVELOPMENT_ASSET_PATHS = "\"PostFeed/Preview Content\"";
				ENABLE_PREVIEWS = YES;
				GENERATE_INFOPLIST_FILE = YES;
				INFOPLIST_KEY_UIApplicationSceneManifest_Generation = YES;
				INFOPLIST_KEY_UIApplicationSupportsIndirectInputEvents = YES;
				INFOPLIST_KEY_UILaunchScreen_Generation = YES;
				INFOPLIST_KEY_UISupportedInterfaceOrientations_iPad = "UIInterfaceOrientationPortrait UIInterfaceOrientationPortraitUpsideDown UIInterfaceOrientationLandscapeLeft UIInterfaceOrientationLandscapeRight";
				INFOPLIST_KEY_UISupportedInterfaceOrientations_iPhone = "UIInterfaceOrientationPortrait UIInterfaceOrientationLandscapeLeft UIInterfaceOrientationLandscapeRight";
				LD_RUNPATH_SEARCH_PATHS = (
					"$(inherited)",
					"@executable_path/Frameworks",
				);
				MARKETING_VERSION = 1.0;
				PRODUCT_BUNDLE_IDENTIFIER = com.fabioristo.PostFeed;
				PRODUCT_NAME = "$(TARGET_NAME)";
				SWIFT_EMIT_LOC_STRINGS = YES;
				SWIFT_VERSION = 5.0;
				TARGETED_DEVICE_FAMILY = "1,2";
			};
			name = Release;
		};
/* End XCBuildConfiguration section */

/* Begin XCConfigurationList section */
		8AABE058299B8BEA00BBE206 /* Build configuration list for PBXProject "PostFeed" */ = {
			isa = XCConfigurationList;
			buildConfigurations = (
				8AABE069299B8BEB00BBE206 /* Debug */,
				8AABE06A299B8BEB00BBE206 /* Release */,
			);
			defaultConfigurationIsVisible = 0;
			defaultConfigurationName = Release;
		};
		8AABE06B299B8BEB00BBE206 /* Build configuration list for PBXNativeTarget "PostFeed" */ = {
			isa = XCConfigurationList;
			buildConfigurations = (
				8AABE06C299B8BEB00BBE206 /* Debug */,
				8AABE06D299B8BEB00BBE206 /* Release */,
			);
			defaultConfigurationIsVisible = 0;
			defaultConfigurationName = Release;
		};
/* End XCConfigurationList section */
	};
	rootObject = 8AABE055299B8BEA00BBE206 /* Project object */;
}
